
Microsoft Visual Studio Solution File, Format Version 12.00
# Visual Studio Version 17
VisualStudioVersion = 17.8.34330.188
MinimumVisualStudioVersion = 10.0.40219.1
Project("{FAE04EC0-301F-11D3-BF4B-00C04F79EFBC}") = "Assignment", "Assignment\Assignment.csproj", "{B3D23EB7-7B51-4546-B2B8-8439DEE852FF}"
EndProject
Global
	GlobalSection(SolutionConfigurationPlatforms) = preSolution
		Debug|Any CPU = Debug|Any CPU
		Release|Any CPU = Release|Any CPU
	EndGlobalSection
	GlobalSection(ProjectConfigurationPlatforms) = postSolution
		{B3D23EB7-7B51-4546-B2B8-8439DEE852FF}.Debug|Any CPU.ActiveCfg = Debug|Any CPU
		{B3D23EB7-7B51-4546-B2B8-8439DEE852FF}.Debug|Any CPU.Build.0 = Debug|Any CPU
		{B3D23EB7-7B51-4546-B2B8-8439DEE852FF}.Release|Any CPU.ActiveCfg = Release|Any CPU
		{B3D23EB7-7B51-4546-B2B8-8439DEE852FF}.Release|Any CPU.Build.0 = Release|Any CPU
	EndGlobalSection
	GlobalSection(SolutionProperties) = preSolution
		HideSolutionNode = FALSE
	EndGlobalSection
	GlobalSection(ExtensibilityGlobals) = postSolution
		SolutionGuid = {A00904BF-F20D-4810-8799-6F7089A8B3F1}
	EndGlobalSection
EndGlobal
